
Microsoft Visual Studio Solution File, Format Version 12.00
# Visual Studio Version 16
VisualStudioVersion = 16.0.30717.126
MinimumVisualStudioVersion = 10.0.40219.1
Project("{888888A0-9F3D-457C-B088-3A5042F75D52}") = "Crud_Python_Console", "Crud_Python_Console.pyproj", "{A6DF59D1-530A-4614-9A3A-5DB617EA5BD9}"
EndProject
Global
	GlobalSection(SolutionConfigurationPlatforms) = preSolution
		Debug|Any CPU = Debug|Any CPU
		Release|Any CPU = Release|Any CPU
	EndGlobalSection
	GlobalSection(ProjectConfigurationPlatforms) = postSolution
		{A6DF59D1-530A-4614-9A3A-5DB617EA5BD9}.Debug|Any CPU.ActiveCfg = Debug|Any CPU
		{A6DF59D1-530A-4614-9A3A-5DB617EA5BD9}.Release|Any CPU.ActiveCfg = Release|Any CPU
	EndGlobalSection
	GlobalSection(SolutionProperties) = preSolution
		HideSolutionNode = FALSE
	EndGlobalSection
	GlobalSection(ExtensibilityGlobals) = postSolution
		SolutionGuid = {B64FA939-B90F-4F64-AA17-DD2DCBC67BBF}
	EndGlobalSection
EndGlobal
